
Microsoft Visual Studio Solution File, Format Version 12.00
# Visual Studio Version 17
VisualStudioVersion = 17.6.33723.286
MinimumVisualStudioVersion = 10.0.40219.1
Project("{FAE04EC0-301F-11D3-BF4B-00C04F79EFBC}") = "CopilotTest", "CopilotTest\CopilotTest.csproj", "{CDEEFCBB-98DC-4150-9404-ED166B1E5031}"
EndProject
Global
	GlobalSection(SolutionConfigurationPlatforms) = preSolution
		Debug|Any CPU = Debug|Any CPU
		Release|Any CPU = Release|Any CPU
	EndGlobalSection
	GlobalSection(ProjectConfigurationPlatforms) = postSolution
		{CDEEFCBB-98DC-4150-9404-ED166B1E5031}.Debug|Any CPU.ActiveCfg = Debug|Any CPU
		{CDEEFCBB-98DC-4150-9404-ED166B1E5031}.Debug|Any CPU.Build.0 = Debug|Any CPU
		{CDEEFCBB-98DC-4150-9404-ED166B1E5031}.Release|Any CPU.ActiveCfg = Release|Any CPU
		{CDEEFCBB-98DC-4150-9404-ED166B1E5031}.Release|Any CPU.Build.0 = Release|Any CPU
	EndGlobalSection
	GlobalSection(SolutionProperties) = preSolution
		HideSolutionNode = FALSE
	EndGlobalSection
	GlobalSection(ExtensibilityGlobals) = postSolution
		SolutionGuid = {893A47B5-1241-4E0A-9FB8-124EB3D879AA}
	EndGlobalSection
EndGlobal
